
Microsoft Visual Studio Solution File, Format Version 12.00
# Visual Studio Express 2013 for Windows Desktop
VisualStudioVersion = 12.0.21005.1
MinimumVisualStudioVersion = 10.0.40219.1
Project("{8BC9CEB8-8B4A-11D0-8D11-00A0C91BC942}") = "OpenGL Framework", "OpenGL Framework\OpenGL Framework.vcxproj", "{F44E157D-6A70-49E3-B566-4662B665455D}"
EndProject
Global
	GlobalSection(SolutionConfigurationPlatforms) = preSolution
		Debug|Win32 = Debug|Win32
		Release|Win32 = Release|Win32
	EndGlobalSection
	GlobalSection(ProjectConfigurationPlatforms) = postSolution
		{F44E157D-6A70-49E3-B566-4662B665455D}.Debug|Win32.ActiveCfg = Debug|Win32
		{F44E157D-6A70-49E3-B566-4662B665455D}.Debug|Win32.Build.0 = Debug|Win32
		{F44E157D-6A70-49E3-B566-4662B665455D}.Release|Win32.ActiveCfg = Release|Win32
		{F44E157D-6A70-49E3-B566-4662B665455D}.Release|Win32.Build.0 = Release|Win32
	EndGlobalSection
	GlobalSection(SolutionProperties) = preSolution
		HideSolutionNode = FALSE
	EndGlobalSection
EndGlobal
