<?xml version="1.0" encoding="utf-8"?>
<Project ToolsVersion="4.0" xmlns="http://schemas.microsoft.com/developer/msbuild/2003">
  <ItemGroup>
    <Filter Include="Source Files">
      <UniqueIdentifier>{4FC737F1-C7A5-4376-A066-2A32D752A2FF}</UniqueIdentifier>
      <Extensions>cpp;c;cc;cxx;def;odl;idl;hpj;bat;asm;asmx</Extensions>
    </Filter>
    <Filter Include="Header Files">
      <UniqueIdentifier>{93995380-89BD-4b04-88EB-625FBE52EBFB}</UniqueIdentifier>
      <Extensions>h;hh;hpp;hxx;hm;inl;inc;xsd</Extensions>
    </Filter>
    <Filter Include="Shaders">
      <UniqueIdentifier>{3eab15d5-d5c0-41d7-ae27-a0e18eec12aa}</UniqueIdentifier>
    </Filter>
    <Filter Include="Derived Entities">
      <UniqueIdentifier>{34bf098c-d9ad-4df8-862f-c57e9eaabd8d}</UniqueIdentifier>
    </Filter>
  </ItemGroup>
  <ItemGroup>
    <ClCompile Include="main.cpp">
      <Filter>Source Files</Filter>
    </ClCompile>
    <ClCompile Include="Window.cpp">
      <Filter>Source Files</Filter>
    </ClCompile>
    <ClCompile Include="Renderer.cpp">
      <Filter>Source Files</Filter>
    </ClCompile>
    <ClCompile Include="Shader.cpp">
      <Filter>Source Files</Filter>
    </ClCompile>
    <ClCompile Include="RenderObject.cpp">
      <Filter>Source Files</Filter>
    </ClCompile>
    <ClCompile Include="Scene.cpp">
      <Filter>Source Files</Filter>
    </ClCompile>
    <ClCompile Include="Game.cpp">
      <Filter>Source Files</Filter>
    </ClCompile>
    <ClCompile Include="Entity.cpp">
      <Filter>Source Files</Filter>
    </ClCompile>
    <ClCompile Include="Point.cpp">
      <Filter>Derived Entities</Filter>
    </ClCompile>
    <ClCompile Include="PointCloud.cpp">
      <Filter>Derived Entities</Filter>
    </ClCompile>
    <ClCompile Include="Mesh3D.cpp">
      <Filter>Derived Entities</Filter>
    </ClCompile>
    <ClCompile Include="Quad2D.cpp">
      <Filter>Derived Entities</Filter>
    </ClCompile>
    <ClCompile Include="PhysicsControl.cpp">
      <Filter>Source Files</Filter>
    </ClCompile>
    <ClCompile Include="Sphere3D.cpp">
      <Filter>Derived Entities</Filter>
    </ClCompile>
    <ClCompile Include="PhysicsSphere.cpp">
      <Filter>Source Files</Filter>
    </ClCompile>
    <ClCompile Include="PhysicsEntity.cpp">
      <Filter>Source Files</Filter>
    </ClCompile>
    <ClCompile Include="PhysicsPlane.cpp">
      <Filter>Source Files</Filter>
    </ClCompile>
    <ClCompile Include="Hexagon.cpp">
      <Filter>Derived Entities</Filter>
    </ClCompile>
    <ClCompile Include="pathNode.cpp">
      <Filter>Source Files</Filter>
    </ClCompile>
    <ClCompile Include="AIControl.cpp">
      <Filter>Source Files</Filter>
    </ClCompile>
  </ItemGroup>
  <ItemGroup>
    <ClInclude Include="Window.h">
      <Filter>Header Files</Filter>
    </ClInclude>
    <ClInclude Include="Renderer.h">
      <Filter>Header Files</Filter>
    </ClInclude>
    <ClInclude Include="Shader.h">
      <Filter>Header Files</Filter>
    </ClInclude>
    <ClInclude Include="RenderObject.h">
      <Filter>Header Files</Filter>
    </ClInclude>
    <ClInclude Include="Scene.h">
      <Filter>Header Files</Filter>
    </ClInclude>
    <ClInclude Include="Game.h">
      <Filter>Header Files</Filter>
    </ClInclude>
    <ClInclude Include="Entity.h">
      <Filter>Header Files</Filter>
    </ClInclude>
    <ClInclude Include="PointCloud.h">
      <Filter>Derived Entities</Filter>
    </ClInclude>
    <ClInclude Include="Point.h">
      <Filter>Derived Entities</Filter>
    </ClInclude>
    <ClInclude Include="Mesh3D.h">
      <Filter>Derived Entities</Filter>
    </ClInclude>
    <ClInclude Include="Quad2D.h">
      <Filter>Derived Entities</Filter>
    </ClInclude>
    <ClInclude Include="PhysicsControl.h">
      <Filter>Header Files</Filter>
    </ClInclude>
    <ClInclude Include="Sphere3D.h">
      <Filter>Derived Entities</Filter>
    </ClInclude>
    <ClInclude Include="PhysicsSphere.h">
      <Filter>Header Files</Filter>
    </ClInclude>
    <ClInclude Include="PhysicsEntity.h">
      <Filter>Header Files</Filter>
    </ClInclude>
    <ClInclude Include="PhysicsPlane.h">
      <Filter>Header Files</Filter>
    </ClInclude>
    <ClInclude Include="Hexagon.h">
      <Filter>Derived Entities</Filter>
    </ClInclude>
    <ClInclude Include="pathNode.h">
      <Filter>Header Files</Filter>
    </ClInclude>
    <ClInclude Include="AIControl.h">
      <Filter>Header Files</Filter>
    </ClInclude>
  </ItemGroup>
  <ItemGroup>
    <None Include="shaders\genericFragment.glsl">
      <Filter>Shaders</Filter>
    </None>
    <None Include="shaders\genericVertex.glsl">
      <Filter>Shaders</Filter>
    </None>
    <None Include="shaders\generic3DVertex.glsl">
      <Filter>Shaders</Filter>
    </None>
    <None Include="shaders\genericTextured3DVertex.glsl">
      <Filter>Shaders</Filter>
    </None>
    <None Include="shaders\genericTexturedFragment.glsl">
      <Filter>Shaders</Filter>
    </None>
  </ItemGroup>
</Project>